<?xml version="1.0" encoding="UTF-8" standalone="yes" ?>
<CodeBlocks_project_file>
	<FileVersion major="1" minor="6" />
	<Project>
		<Option title="EmptyEpsilon" />
		<Option pch_mode="2" />
		<Option compiler="gcc" />
		<Build>
			<Target title="Debug">
				<Option output=".bin/Debug/EmptyEpsilon" prefix_auto="1" extension_auto="1" />
				<Option object_output=".obj/Debug/" />
				<Option type="1" />
				<Option compiler="gcc" />
				<Option parameters="fullscreen=0 screen43=1 touchscreen=0 autoconnect=0 touchcalib=0 " />
				<Compiler>
					<Add option="-g" />
					<Add option="-DDEBUG" />
					<Add directory="../SFML-2.3.1/include" />
				</Compiler>
				<Linker>
					<Add library="sfml-window-d" />
					<Add library="sfml-audio-d" />
					<Add library="sfml-graphics-d" />
					<Add library="sfml-main-d" />
					<Add library="sfml-system-d" />
					<Add library="sfml-network-d" />
					<Add library="opengl32" />
					<Add library="glu32" />
					<Add library="iphlpapi" />
					<Add library="wsock32" />
					<Add directory="../SFML-2.3.1/lib" />
				</Linker>
			</Target>
			<Target title="Release">
				<Option output=".bin/Release/EmptyEpsilon" prefix_auto="1" extension_auto="1" />
				<Option object_output=".obj/Release/" />
				<Option type="0" />
				<Option compiler="gcc" />
				<Option parameters="fullscreen=0 screen43=0 touchscreen=0" />
				<Compiler>
					<Add option="-O2" />
					<Add option="-g" />
					<Add directory="../SFML-2.3.1/include" />
				</Compiler>
				<Linker>
					<Add option="-s" />
					<Add library="sfml-audio" />
					<Add library="sfml-graphics" />
					<Add library="sfml-main" />
					<Add library="sfml-system" />
					<Add library="sfml-window" />
					<Add library="sfml-network" />
					<Add library="opengl32" />
					<Add library="glu32" />
					<Add library="iphlpapi" />
					<Add library="wsock32" />
					<Add directory="../SFML-2.3.1/lib" />
				</Linker>
			</Target>
			<Target title="Linux Debug">
				<Option output=".bin/Debug/EmptyEpsilon" prefix_auto="1" extension_auto="1" />
				<Option object_output=".obj/Debug/" />
				<Option type="1" />
				<Option compiler="gcc" />
				<Compiler>
					<Add option="-g" />
					<Add option="-DDEBUG" />
				</Compiler>
				<Linker>
					<Add library="sfml-window" />
					<Add library="sfml-audio" />
					<Add library="sfml-graphics" />
					<Add library="sfml-system" />
					<Add library="sfml-network" />
					<Add library="GL" />
					<Add library="GLU" />
				</Linker>
			</Target>
			<Target title="Linux Release">
				<Option output=".bin/Release/EmptyEpsilon" prefix_auto="1" extension_auto="1" />
				<Option object_output=".obj/Release/" />
				<Option type="0" />
				<Option compiler="gcc" />
				<Compiler>
					<Add option="-O2" />
				</Compiler>
				<Linker>
					<Add option="-s" />
					<Add library="sfml-audio" />
					<Add library="sfml-graphics" />
					<Add library="sfml-system" />
					<Add library="sfml-window" />
					<Add library="sfml-network" />
					<Add library="GL" />
					<Add library="GLU" />
				</Linker>
			</Target>
			<Target title="MacOS Release">
				<Option output=".bin/Release/EmptyEpsilon" prefix_auto="1" extension_auto="1" />
				<Option object_output=".obj/Release/" />
				<Option type="0" />
				<Option compiler="gcc" />
				<Compiler>
					<Add option="-O2" />
				</Compiler>
				<Linker>
					<Add option="-framework OpenGL" />
					<Add option="-framework Foundation" />
					<Add library="sfml-audio" />
					<Add library="sfml-graphics" />
					<Add library="sfml-system" />
					<Add library="sfml-window" />
					<Add library="sfml-network" />
				</Linker>
			</Target>
			<Target title="MacOS Debug">
				<Option output=".bin/Release/EmptyEpsilon" prefix_auto="1" extension_auto="1" />
				<Option object_output=".obj/Release/" />
				<Option type="0" />
				<Option compiler="gcc" />
				<Compiler>
					<Add option="-DDEBUG" />
					<Add option="-O2" />
				</Compiler>
				<Linker>
					<Add option="-framework OpenGL" />
					<Add option="-framework Foundation" />
					<Add library="sfml-audio" />
					<Add library="sfml-graphics" />
					<Add library="sfml-system" />
					<Add library="sfml-window" />
					<Add library="sfml-network" />
				</Linker>
			</Target>
			<Target title="Profile">
				<Option output=".bin/Profile/EmptyEpsilon" prefix_auto="1" extension_auto="1" />
				<Option object_output=".obj/Profile/" />
				<Option type="1" />
				<Option compiler="gcc" />
				<Option parameters="fullscreen=1 screen43=0 touchscreen=0 headless=scenario_06_battlefield.lua" />
				<Compiler>
					<Add option="-O2" />
					<Add option="-pg" />
					<Add option="-g" />
					<Add directory="../SFML-2.3.1/include" />
				</Compiler>
				<Linker>
					<Add option="-pg -lgmon" />
					<Add library="sfml-audio" />
					<Add library="sfml-graphics" />
					<Add library="sfml-main" />
					<Add library="sfml-system" />
					<Add library="sfml-window" />
					<Add library="sfml-network" />
					<Add library="opengl32" />
					<Add library="glu32" />
					<Add library="iphlpapi" />
					<Add library="wsock32" />
					<Add directory="../SFML-2.3.1/lib" />
				</Linker>
			</Target>
		</Build>
		<Compiler>
			<Add option="-std=c++11" />
			<Add option="-Wall" />
			<Add directory="../SeriousProton/src" />
			<Add directory="src" />
		</Compiler>
		<Unit filename="../SeriousProton/src/Box2D/Box2D.h" />
		<Unit filename="../SeriousProton/src/Box2D/Collision/Shapes/b2ChainShape.cpp" />
		<Unit filename="../SeriousProton/src/Box2D/Collision/Shapes/b2ChainShape.h" />
		<Unit filename="../SeriousProton/src/Box2D/Collision/Shapes/b2CircleShape.cpp" />
		<Unit filename="../SeriousProton/src/Box2D/Collision/Shapes/b2CircleShape.h" />
		<Unit filename="../SeriousProton/src/Box2D/Collision/Shapes/b2EdgeShape.cpp" />
		<Unit filename="../SeriousProton/src/Box2D/Collision/Shapes/b2EdgeShape.h" />
		<Unit filename="../SeriousProton/src/Box2D/Collision/Shapes/b2PolygonShape.cpp" />
		<Unit filename="../SeriousProton/src/Box2D/Collision/Shapes/b2PolygonShape.h" />
		<Unit filename="../SeriousProton/src/Box2D/Collision/Shapes/b2Shape.h" />
		<Unit filename="../SeriousProton/src/Box2D/Collision/b2BroadPhase.cpp" />
		<Unit filename="../SeriousProton/src/Box2D/Collision/b2BroadPhase.h" />
		<Unit filename="../SeriousProton/src/Box2D/Collision/b2CollideCircle.cpp" />
		<Unit filename="../SeriousProton/src/Box2D/Collision/b2CollideEdge.cpp" />
		<Unit filename="../SeriousProton/src/Box2D/Collision/b2CollidePolygon.cpp" />
		<Unit filename="../SeriousProton/src/Box2D/Collision/b2Collision.cpp" />
		<Unit filename="../SeriousProton/src/Box2D/Collision/b2Collision.h" />
		<Unit filename="../SeriousProton/src/Box2D/Collision/b2Distance.cpp" />
		<Unit filename="../SeriousProton/src/Box2D/Collision/b2Distance.h" />
		<Unit filename="../SeriousProton/src/Box2D/Collision/b2DynamicTree.cpp" />
		<Unit filename="../SeriousProton/src/Box2D/Collision/b2DynamicTree.h" />
		<Unit filename="../SeriousProton/src/Box2D/Collision/b2TimeOfImpact.cpp" />
		<Unit filename="../SeriousProton/src/Box2D/Collision/b2TimeOfImpact.h" />
		<Unit filename="../SeriousProton/src/Box2D/Common/b2BlockAllocator.cpp" />
		<Unit filename="../SeriousProton/src/Box2D/Common/b2BlockAllocator.h" />
		<Unit filename="../SeriousProton/src/Box2D/Common/b2Draw.cpp" />
		<Unit filename="../SeriousProton/src/Box2D/Common/b2Draw.h" />
		<Unit filename="../SeriousProton/src/Box2D/Common/b2GrowableStack.h" />
		<Unit filename="../SeriousProton/src/Box2D/Common/b2Math.cpp" />
		<Unit filename="../SeriousProton/src/Box2D/Common/b2Math.h" />
		<Unit filename="../SeriousProton/src/Box2D/Common/b2Settings.cpp" />
		<Unit filename="../SeriousProton/src/Box2D/Common/b2Settings.h" />
		<Unit filename="../SeriousProton/src/Box2D/Common/b2StackAllocator.cpp" />
		<Unit filename="../SeriousProton/src/Box2D/Common/b2StackAllocator.h" />
		<Unit filename="../SeriousProton/src/Box2D/Common/b2Timer.cpp" />
		<Unit filename="../SeriousProton/src/Box2D/Common/b2Timer.h" />
		<Unit filename="../SeriousProton/src/Box2D/Dynamics/Contacts/b2ChainAndCircleContact.cpp" />
		<Unit filename="../SeriousProton/src/Box2D/Dynamics/Contacts/b2ChainAndCircleContact.h" />
		<Unit filename="../SeriousProton/src/Box2D/Dynamics/Contacts/b2ChainAndPolygonContact.cpp" />
		<Unit filename="../SeriousProton/src/Box2D/Dynamics/Contacts/b2ChainAndPolygonContact.h" />
		<Unit filename="../SeriousProton/src/Box2D/Dynamics/Contacts/b2CircleContact.cpp" />
		<Unit filename="../SeriousProton/src/Box2D/Dynamics/Contacts/b2CircleContact.h" />
		<Unit filename="../SeriousProton/src/Box2D/Dynamics/Contacts/b2Contact.cpp" />
		<Unit filename="../SeriousProton/src/Box2D/Dynamics/Contacts/b2Contact.h" />
		<Unit filename="../SeriousProton/src/Box2D/Dynamics/Contacts/b2ContactSolver.cpp" />
		<Unit filename="../SeriousProton/src/Box2D/Dynamics/Contacts/b2ContactSolver.h" />
		<Unit filename="../SeriousProton/src/Box2D/Dynamics/Contacts/b2EdgeAndCircleContact.cpp" />
		<Unit filename="../SeriousProton/src/Box2D/Dynamics/Contacts/b2EdgeAndCircleContact.h" />
		<Unit filename="../SeriousProton/src/Box2D/Dynamics/Contacts/b2EdgeAndPolygonContact.cpp" />
		<Unit filename="../SeriousProton/src/Box2D/Dynamics/Contacts/b2EdgeAndPolygonContact.h" />
		<Unit filename="../SeriousProton/src/Box2D/Dynamics/Contacts/b2PolygonAndCircleContact.cpp" />
		<Unit filename="../SeriousProton/src/Box2D/Dynamics/Contacts/b2PolygonAndCircleContact.h" />
		<Unit filename="../SeriousProton/src/Box2D/Dynamics/Contacts/b2PolygonContact.cpp" />
		<Unit filename="../SeriousProton/src/Box2D/Dynamics/Contacts/b2PolygonContact.h" />
		<Unit filename="../SeriousProton/src/Box2D/Dynamics/Joints/b2DistanceJoint.cpp" />
		<Unit filename="../SeriousProton/src/Box2D/Dynamics/Joints/b2DistanceJoint.h" />
		<Unit filename="../SeriousProton/src/Box2D/Dynamics/Joints/b2FrictionJoint.cpp" />
		<Unit filename="../SeriousProton/src/Box2D/Dynamics/Joints/b2FrictionJoint.h" />
		<Unit filename="../SeriousProton/src/Box2D/Dynamics/Joints/b2GearJoint.cpp" />
		<Unit filename="../SeriousProton/src/Box2D/Dynamics/Joints/b2GearJoint.h" />
		<Unit filename="../SeriousProton/src/Box2D/Dynamics/Joints/b2Joint.cpp" />
		<Unit filename="../SeriousProton/src/Box2D/Dynamics/Joints/b2Joint.h" />
		<Unit filename="../SeriousProton/src/Box2D/Dynamics/Joints/b2MotorJoint.cpp" />
		<Unit filename="../SeriousProton/src/Box2D/Dynamics/Joints/b2MotorJoint.h" />
		<Unit filename="../SeriousProton/src/Box2D/Dynamics/Joints/b2MouseJoint.cpp" />
		<Unit filename="../SeriousProton/src/Box2D/Dynamics/Joints/b2MouseJoint.h" />
		<Unit filename="../SeriousProton/src/Box2D/Dynamics/Joints/b2PrismaticJoint.cpp" />
		<Unit filename="../SeriousProton/src/Box2D/Dynamics/Joints/b2PrismaticJoint.h" />
		<Unit filename="../SeriousProton/src/Box2D/Dynamics/Joints/b2PulleyJoint.cpp" />
		<Unit filename="../SeriousProton/src/Box2D/Dynamics/Joints/b2PulleyJoint.h" />
		<Unit filename="../SeriousProton/src/Box2D/Dynamics/Joints/b2RevoluteJoint.cpp" />
		<Unit filename="../SeriousProton/src/Box2D/Dynamics/Joints/b2RevoluteJoint.h" />
		<Unit filename="../SeriousProton/src/Box2D/Dynamics/Joints/b2RopeJoint.cpp" />
		<Unit filename="../SeriousProton/src/Box2D/Dynamics/Joints/b2RopeJoint.h" />
		<Unit filename="../SeriousProton/src/Box2D/Dynamics/Joints/b2WeldJoint.cpp" />
		<Unit filename="../SeriousProton/src/Box2D/Dynamics/Joints/b2WeldJoint.h" />
		<Unit filename="../SeriousProton/src/Box2D/Dynamics/Joints/b2WheelJoint.cpp" />
		<Unit filename="../SeriousProton/src/Box2D/Dynamics/Joints/b2WheelJoint.h" />
		<Unit filename="../SeriousProton/src/Box2D/Dynamics/b2Body.cpp" />
		<Unit filename="../SeriousProton/src/Box2D/Dynamics/b2Body.h" />
		<Unit filename="../SeriousProton/src/Box2D/Dynamics/b2ContactManager.cpp" />
		<Unit filename="../SeriousProton/src/Box2D/Dynamics/b2ContactManager.h" />
		<Unit filename="../SeriousProton/src/Box2D/Dynamics/b2Fixture.cpp" />
		<Unit filename="../SeriousProton/src/Box2D/Dynamics/b2Fixture.h" />
		<Unit filename="../SeriousProton/src/Box2D/Dynamics/b2Island.cpp" />
		<Unit filename="../SeriousProton/src/Box2D/Dynamics/b2Island.h" />
		<Unit filename="../SeriousProton/src/Box2D/Dynamics/b2TimeStep.h" />
		<Unit filename="../SeriousProton/src/Box2D/Dynamics/b2World.cpp" />
		<Unit filename="../SeriousProton/src/Box2D/Dynamics/b2World.h" />
		<Unit filename="../SeriousProton/src/Box2D/Dynamics/b2WorldCallbacks.cpp" />
		<Unit filename="../SeriousProton/src/Box2D/Dynamics/b2WorldCallbacks.h" />
		<Unit filename="../SeriousProton/src/Box2D/Rope/b2Rope.cpp" />
		<Unit filename="../SeriousProton/src/Box2D/Rope/b2Rope.h" />
		<Unit filename="../SeriousProton/src/GL/glew.c">
			<Option compilerVar="CC" />
		</Unit>
		<Unit filename="../SeriousProton/src/GL/glew.h" />
		<Unit filename="../SeriousProton/src/GL/glxew.h" />
		<Unit filename="../SeriousProton/src/GL/wglew.h" />
		<Unit filename="../SeriousProton/src/P.h" />
		<Unit filename="../SeriousProton/src/PlayerController.cpp" />
		<Unit filename="../SeriousProton/src/PlayerController.h" />
		<Unit filename="../SeriousProton/src/Renderable.cpp" />
		<Unit filename="../SeriousProton/src/Renderable.h" />
		<Unit filename="../SeriousProton/src/Updatable.cpp" />
		<Unit filename="../SeriousProton/src/Updatable.h" />
		<Unit filename="../SeriousProton/src/clipboard.cpp" />
		<Unit filename="../SeriousProton/src/clipboard.h" />
		<Unit filename="../SeriousProton/src/collisionable.cpp" />
		<Unit filename="../SeriousProton/src/collisionable.h" />
		<Unit filename="../SeriousProton/src/engine.cpp" />
		<Unit filename="../SeriousProton/src/engine.h" />
		<Unit filename="../SeriousProton/src/event.cpp" />
		<Unit filename="../SeriousProton/src/event.h" />
		<Unit filename="../SeriousProton/src/fixedSocket.cpp" />
		<Unit filename="../SeriousProton/src/fixedSocket.h" />
		<Unit filename="../SeriousProton/src/gameEntity.cpp" />
		<Unit filename="../SeriousProton/src/gameEntity.h" />
		<Unit filename="../SeriousProton/src/httpServer.cpp" />
		<Unit filename="../SeriousProton/src/httpServer.h" />
		<Unit filename="../SeriousProton/src/input.cpp" />
		<Unit filename="../SeriousProton/src/input.h" />
		<Unit filename="../SeriousProton/src/logging.cpp" />
		<Unit filename="../SeriousProton/src/logging.h" />
		<Unit filename="../SeriousProton/src/lua/lapi.c">
			<Option compilerVar="CC" />
		</Unit>
		<Unit filename="../SeriousProton/src/lua/lapi.h" />
		<Unit filename="../SeriousProton/src/lua/lauxlib.c">
			<Option compilerVar="CC" />
		</Unit>
		<Unit filename="../SeriousProton/src/lua/lauxlib.h" />
		<Unit filename="../SeriousProton/src/lua/lbaselib.c">
			<Option compilerVar="CC" />
		</Unit>
		<Unit filename="../SeriousProton/src/lua/lbitlib.c">
			<Option compilerVar="CC" />
		</Unit>
		<Unit filename="../SeriousProton/src/lua/lcode.c">
			<Option compilerVar="CC" />
		</Unit>
		<Unit filename="../SeriousProton/src/lua/lcode.h" />
		<Unit filename="../SeriousProton/src/lua/lcorolib.c">
			<Option compilerVar="CC" />
		</Unit>
		<Unit filename="../SeriousProton/src/lua/lctype.c">
			<Option compilerVar="CC" />
		</Unit>
		<Unit filename="../SeriousProton/src/lua/lctype.h" />
		<Unit filename="../SeriousProton/src/lua/ldblib.c">
			<Option compilerVar="CC" />
		</Unit>
		<Unit filename="../SeriousProton/src/lua/ldebug.c">
			<Option compilerVar="CC" />
		</Unit>
		<Unit filename="../SeriousProton/src/lua/ldebug.h" />
		<Unit filename="../SeriousProton/src/lua/ldo.c">
			<Option compilerVar="CC" />
		</Unit>
		<Unit filename="../SeriousProton/src/lua/ldo.h" />
		<Unit filename="../SeriousProton/src/lua/ldump.c">
			<Option compilerVar="CC" />
		</Unit>
		<Unit filename="../SeriousProton/src/lua/lfunc.c">
			<Option compilerVar="CC" />
		</Unit>
		<Unit filename="../SeriousProton/src/lua/lfunc.h" />
		<Unit filename="../SeriousProton/src/lua/lgc.c">
			<Option compilerVar="CC" />
		</Unit>
		<Unit filename="../SeriousProton/src/lua/lgc.h" />
		<Unit filename="../SeriousProton/src/lua/llex.c">
			<Option compilerVar="CC" />
		</Unit>
		<Unit filename="../SeriousProton/src/lua/llex.h" />
		<Unit filename="../SeriousProton/src/lua/llimits.h" />
		<Unit filename="../SeriousProton/src/lua/lmathlib.c">
			<Option compilerVar="CC" />
		</Unit>
		<Unit filename="../SeriousProton/src/lua/lmem.c">
			<Option compilerVar="CC" />
		</Unit>
		<Unit filename="../SeriousProton/src/lua/lmem.h" />
		<Unit filename="../SeriousProton/src/lua/loadlib.c">
			<Option compilerVar="CC" />
		</Unit>
		<Unit filename="../SeriousProton/src/lua/lobject.c">
			<Option compilerVar="CC" />
		</Unit>
		<Unit filename="../SeriousProton/src/lua/lobject.h" />
		<Unit filename="../SeriousProton/src/lua/lopcodes.c">
			<Option compilerVar="CC" />
		</Unit>
		<Unit filename="../SeriousProton/src/lua/lopcodes.h" />
		<Unit filename="../SeriousProton/src/lua/lparser.c">
			<Option compilerVar="CC" />
		</Unit>
		<Unit filename="../SeriousProton/src/lua/lparser.h" />
		<Unit filename="../SeriousProton/src/lua/lstate.c">
			<Option compilerVar="CC" />
		</Unit>
		<Unit filename="../SeriousProton/src/lua/lstate.h" />
		<Unit filename="../SeriousProton/src/lua/lstring.c">
			<Option compilerVar="CC" />
		</Unit>
		<Unit filename="../SeriousProton/src/lua/lstring.h" />
		<Unit filename="../SeriousProton/src/lua/lstrlib.c">
			<Option compilerVar="CC" />
		</Unit>
		<Unit filename="../SeriousProton/src/lua/ltable.c">
			<Option compilerVar="CC" />
		</Unit>
		<Unit filename="../SeriousProton/src/lua/ltable.h" />
		<Unit filename="../SeriousProton/src/lua/ltablib.c">
			<Option compilerVar="CC" />
		</Unit>
		<Unit filename="../SeriousProton/src/lua/ltm.c">
			<Option compilerVar="CC" />
		</Unit>
		<Unit filename="../SeriousProton/src/lua/ltm.h" />
		<Unit filename="../SeriousProton/src/lua/lua.h" />
		<Unit filename="../SeriousProton/src/lua/lua.hpp" />
		<Unit filename="../SeriousProton/src/lua/luaconf.h" />
		<Unit filename="../SeriousProton/src/lua/lualib.h" />
		<Unit filename="../SeriousProton/src/lua/lundump.c">
			<Option compilerVar="CC" />
		</Unit>
		<Unit filename="../SeriousProton/src/lua/lundump.h" />
		<Unit filename="../SeriousProton/src/lua/lvm.c">
			<Option compilerVar="CC" />
		</Unit>
		<Unit filename="../SeriousProton/src/lua/lvm.h" />
		<Unit filename="../SeriousProton/src/lua/lzio.c">
			<Option compilerVar="CC" />
		</Unit>
		<Unit filename="../SeriousProton/src/lua/lzio.h" />
		<Unit filename="../SeriousProton/src/multiplayer.cpp" />
		<Unit filename="../SeriousProton/src/multiplayer.h" />
		<Unit filename="../SeriousProton/src/multiplayer_client.cpp" />
		<Unit filename="../SeriousProton/src/multiplayer_client.h" />
		<Unit filename="../SeriousProton/src/multiplayer_internal.h" />
		<Unit filename="../SeriousProton/src/multiplayer_server.cpp" />
		<Unit filename="../SeriousProton/src/multiplayer_server.h" />
		<Unit filename="../SeriousProton/src/multiplayer_server_scanner.cpp" />
		<Unit filename="../SeriousProton/src/multiplayer_server_scanner.h" />
		<Unit filename="../SeriousProton/src/networkAudioStream.cpp" />
		<Unit filename="../SeriousProton/src/networkAudioStream.h" />
		<Unit filename="../SeriousProton/src/networkRecorder.cpp" />
		<Unit filename="../SeriousProton/src/networkRecorder.h" />
		<Unit filename="../SeriousProton/src/postProcessManager.cpp" />
		<Unit filename="../SeriousProton/src/postProcessManager.h" />
		<Unit filename="../SeriousProton/src/random.cpp" />
		<Unit filename="../SeriousProton/src/random.h" />
		<Unit filename="../SeriousProton/src/resources.cpp" />
		<Unit filename="../SeriousProton/src/resources.h" />
		<Unit filename="../SeriousProton/src/scriptInterface.cpp" />
		<Unit filename="../SeriousProton/src/scriptInterface.h" />
		<Unit filename="../SeriousProton/src/scriptInterfaceMagic.cpp" />
		<Unit filename="../SeriousProton/src/scriptInterfaceMagic.h" />
		<Unit filename="../SeriousProton/src/soundManager.cpp" />
		<Unit filename="../SeriousProton/src/soundManager.h" />
		<Unit filename="../SeriousProton/src/stringImproved.cpp" />
		<Unit filename="../SeriousProton/src/stringImproved.h" />
		<Unit filename="../SeriousProton/src/textureManager.cpp" />
		<Unit filename="../SeriousProton/src/textureManager.h" />
		<Unit filename="../SeriousProton/src/tween.h" />
		<Unit filename="../SeriousProton/src/vectorUtils.h" />
		<Unit filename="../SeriousProton/src/windowManager.cpp" />
		<Unit filename="../SeriousProton/src/windowManager.h" />
		<Unit filename="src/ai/ai.cpp" />
		<Unit filename="src/ai/ai.h" />
		<Unit filename="src/ai/aiFactory.cpp" />
		<Unit filename="src/ai/aiFactory.h" />
		<Unit filename="src/ai/fighterAI.cpp" />
		<Unit filename="src/ai/fighterAI.h" />
		<Unit filename="src/commsScriptInterface.cpp" />
		<Unit filename="src/commsScriptInterface.h" />
		<Unit filename="src/epsilonServer.cpp" />
		<Unit filename="src/epsilonServer.h" />
		<Unit filename="src/factionInfo.cpp" />
		<Unit filename="src/factionInfo.h" />
		<Unit filename="src/featureDefs.h" />
		<Unit filename="src/gameGlobalInfo.cpp" />
		<Unit filename="src/gameGlobalInfo.h" />
		<Unit filename="src/gui/debugRenderer.cpp" />
		<Unit filename="src/gui/debugRenderer.h" />
		<Unit filename="src/gui/gui2.cpp" />
		<Unit filename="src/gui/gui2.h" />
		<Unit filename="src/gui/gui2_arrow.cpp" />
		<Unit filename="src/gui/gui2_arrow.h" />
		<Unit filename="src/gui/gui2_arrowbutton.cpp" />
		<Unit filename="src/gui/gui2_arrowbutton.h" />
		<Unit filename="src/gui/gui2_autolayout.cpp" />
		<Unit filename="src/gui/gui2_autolayout.h" />
		<Unit filename="src/gui/gui2_box.cpp" />
		<Unit filename="src/gui/gui2_box.h" />
		<Unit filename="src/gui/gui2_button.cpp" />
		<Unit filename="src/gui/gui2_button.h" />
		<Unit filename="src/gui/gui2_canvas.cpp" />
		<Unit filename="src/gui/gui2_canvas.h" />
		<Unit filename="src/gui/gui2_container.cpp" />
		<Unit filename="src/gui/gui2_container.h" />
		<Unit filename="src/gui/gui2_element.cpp" />
		<Unit filename="src/gui/gui2_element.h" />
		<Unit filename="src/gui/gui2_entrylist.cpp" />
		<Unit filename="src/gui/gui2_entrylist.h" />
		<Unit filename="src/gui/gui2_keyvaluedisplay.cpp" />
		<Unit filename="src/gui/gui2_keyvaluedisplay.h" />
		<Unit filename="src/gui/gui2_label.cpp" />
		<Unit filename="src/gui/gui2_label.h" />
		<Unit filename="src/gui/gui2_listbox.cpp" />
		<Unit filename="src/gui/gui2_listbox.h" />
		<Unit filename="src/gui/gui2_overlay.cpp" />
		<Unit filename="src/gui/gui2_overlay.h" />
		<Unit filename="src/gui/gui2_progressbar.cpp" />
		<Unit filename="src/gui/gui2_progressbar.h" />
		<Unit filename="src/gui/gui2_rotationdial.cpp" />
		<Unit filename="src/gui/gui2_rotationdial.h" />
		<Unit filename="src/gui/gui2_scrollbar.cpp" />
		<Unit filename="src/gui/gui2_scrollbar.h" />
		<Unit filename="src/gui/gui2_scrolltext.cpp" />
		<Unit filename="src/gui/gui2_scrolltext.h" />
		<Unit filename="src/gui/gui2_selector.cpp" />
		<Unit filename="src/gui/gui2_selector.h" />
		<Unit filename="src/gui/gui2_slider.cpp" />
		<Unit filename="src/gui/gui2_slider.h" />
		<Unit filename="src/gui/gui2_textentry.cpp" />
		<Unit filename="src/gui/gui2_textentry.h" />
		<Unit filename="src/gui/gui2_togglebutton.cpp" />
		<Unit filename="src/gui/gui2_togglebutton.h" />
		<Unit filename="src/gui/mouseRenderer.cpp" />
		<Unit filename="src/gui/mouseRenderer.h" />
		<Unit filename="src/gui/scriptError.cpp" />
		<Unit filename="src/gui/scriptError.h" />
		<Unit filename="src/hardware/dmx512SerialDevice.cpp" />
		<Unit filename="src/hardware/dmx512SerialDevice.h" />
		<Unit filename="src/hardware/enttecDMXProDevice.cpp" />
		<Unit filename="src/hardware/enttecDMXProDevice.h" />
		<Unit filename="src/hardware/hardwareController.cpp" />
		<Unit filename="src/hardware/hardwareController.h" />
		<Unit filename="src/hardware/hardwareMappingEffects.cpp" />
		<Unit filename="src/hardware/hardwareMappingEffects.h" />
		<Unit filename="src/hardware/hardwareOutputDevice.cpp" />
		<Unit filename="src/hardware/hardwareOutputDevice.h" />
		<Unit filename="src/hardware/serialDriver.cpp" />
		<Unit filename="src/hardware/serialDriver.h" />
		<Unit filename="src/hardware/virtualOutputDevice.cpp" />
		<Unit filename="src/hardware/virtualOutputDevice.h" />
		<Unit filename="src/httpScriptAccess.cpp" />
		<Unit filename="src/httpScriptAccess.h" />
		<Unit filename="src/main.cpp" />
		<Unit filename="src/main.h" />
		<Unit filename="src/menus/mainMenus.cpp" />
		<Unit filename="src/menus/mainMenus.h" />
		<Unit filename="src/menus/serverCreationScreen.cpp" />
		<Unit filename="src/menus/serverCreationScreen.h" />
		<Unit filename="src/menus/shipSelectionScreen.cpp" />
		<Unit filename="src/menus/shipSelectionScreen.h" />
		<Unit filename="src/mesh.cpp" />
		<Unit filename="src/mesh.h" />
		<Unit filename="src/modelData.cpp" />
		<Unit filename="src/modelData.h" />
		<Unit filename="src/modelInfo.cpp" />
		<Unit filename="src/modelInfo.h" />
		<Unit filename="src/mouseCalibrator.cpp" />
		<Unit filename="src/mouseCalibrator.h" />
		<Unit filename="src/packResourceProvider.cpp" />
		<Unit filename="src/packResourceProvider.h" />
		<Unit filename="src/particleEffect.cpp" />
		<Unit filename="src/particleEffect.h" />
		<Unit filename="src/pathPlanner.cpp" />
		<Unit filename="src/pathPlanner.h" />
		<Unit filename="src/playerInfo.cpp" />
		<Unit filename="src/playerInfo.h" />
		<Unit filename="src/preferenceManager.cpp" />
		<Unit filename="src/preferenceManager.h" />
		<Unit filename="src/repairCrew.cpp" />
		<Unit filename="src/repairCrew.h" />
		<Unit filename="src/scienceDatabase.cpp" />
		<Unit filename="src/scienceDatabase.h" />
		<Unit filename="src/screenComponents/beamFrequencySelector.cpp" />
		<Unit filename="src/screenComponents/beamFrequencySelector.h" />
		<Unit filename="src/screenComponents/beamTargetSelector.cpp" />
		<Unit filename="src/screenComponents/beamTargetSelector.h" />
		<Unit filename="src/screenComponents/combatManeuver.cpp" />
		<Unit filename="src/screenComponents/combatManeuver.h" />
		<Unit filename="src/screenComponents/commsOverlay.cpp" />
		<Unit filename="src/screenComponents/commsOverlay.h" />
		<Unit filename="src/screenComponents/dockingButton.cpp" />
		<Unit filename="src/screenComponents/dockingButton.h" />
		<Unit filename="src/screenComponents/frequencyCurve.cpp" />
		<Unit filename="src/screenComponents/frequencyCurve.h" />
		<Unit filename="src/screenComponents/globalMessage.cpp" />
		<Unit filename="src/screenComponents/globalMessage.h" />
		<Unit filename="src/screenComponents/impulseControls.cpp" />
		<Unit filename="src/screenComponents/impulseControls.h" />
		<Unit filename="src/screenComponents/indicatorOverlays.cpp" />
		<Unit filename="src/screenComponents/indicatorOverlays.h" />
		<Unit filename="src/screenComponents/jumpControls.cpp" />
		<Unit filename="src/screenComponents/jumpControls.h" />
		<Unit filename="src/screenComponents/jumpIndicator.cpp" />
		<Unit filename="src/screenComponents/jumpIndicator.h" />
		<Unit filename="src/screenComponents/missileTubeControls.cpp" />
		<Unit filename="src/screenComponents/missileTubeControls.h" />
		<Unit filename="src/screenComponents/noiseOverlay.cpp" />
		<Unit filename="src/screenComponents/noiseOverlay.h" />
		<Unit filename="src/screenComponents/openCommsButton.cpp" />
		<Unit filename="src/screenComponents/openCommsButton.h" />
		<Unit filename="src/screenComponents/powerDamageIndicator.cpp" />
		<Unit filename="src/screenComponents/powerDamageIndicator.h" />
		<Unit filename="src/screenComponents/radarView.cpp" />
		<Unit filename="src/screenComponents/radarView.h" />
		<Unit filename="src/screenComponents/rotatingModelView.cpp" />
		<Unit filename="src/screenComponents/rotatingModelView.h" />
		<Unit filename="src/screenComponents/scanTargetButton.cpp" />
		<Unit filename="src/screenComponents/scanTargetButton.h" />
		<Unit filename="src/screenComponents/selfDestructButton.cpp" />
		<Unit filename="src/screenComponents/selfDestructButton.h" />
		<Unit filename="src/screenComponents/selfDestructEntry.cpp" />
		<Unit filename="src/screenComponents/selfDestructEntry.h" />
		<Unit filename="src/screenComponents/selfDestructIndicator.cpp" />
		<Unit filename="src/screenComponents/selfDestructIndicator.h" />
		<Unit filename="src/screenComponents/shieldFreqencySelect.cpp" />
		<Unit filename="src/screenComponents/shieldFreqencySelect.h" />
		<Unit filename="src/screenComponents/shieldsEnableButton.cpp" />
		<Unit filename="src/screenComponents/shieldsEnableButton.h" />
		<Unit filename="src/screenComponents/shipDestroyedPopup.cpp" />
		<Unit filename="src/screenComponents/shipDestroyedPopup.h" />
		<Unit filename="src/screenComponents/shipInternalView.cpp" />
		<Unit filename="src/screenComponents/shipInternalView.h" />
		<Unit filename="src/screenComponents/snapSlider.cpp" />
		<Unit filename="src/screenComponents/snapSlider.h" />
		<Unit filename="src/screenComponents/targetsContainer.cpp" />
		<Unit filename="src/screenComponents/targetsContainer.h" />
		<Unit filename="src/screenComponents/viewport3d.cpp" />
		<Unit filename="src/screenComponents/viewport3d.h" />
		<Unit filename="src/screenComponents/warpControls.cpp" />
		<Unit filename="src/screenComponents/warpControls.h" />
		<Unit filename="src/screens/crew4/engineeringAdvancedScreen.cpp" />
		<Unit filename="src/screens/crew4/engineeringAdvancedScreen.h" />
		<Unit filename="src/screens/crew4/operationsScreen.cpp" />
		<Unit filename="src/screens/crew4/operationsScreen.h" />
		<Unit filename="src/screens/crew4/tacticalScreen.cpp" />
		<Unit filename="src/screens/crew4/tacticalScreen.h" />
		<Unit filename="src/screens/crew6/engineeringScreen.cpp" />
		<Unit filename="src/screens/crew6/engineeringScreen.h" />
		<Unit filename="src/screens/crew6/helmsScreen.cpp" />
		<Unit filename="src/screens/crew6/helmsScreen.h" />
		<Unit filename="src/screens/crew6/relayScreen.cpp" />
		<Unit filename="src/screens/crew6/relayScreen.h" />
		<Unit filename="src/screens/crew6/scienceScreen.cpp" />
		<Unit filename="src/screens/crew6/scienceScreen.h" />
		<Unit filename="src/screens/crew6/weaponsScreen.cpp" />
		<Unit filename="src/screens/crew6/weaponsScreen.h" />
		<Unit filename="src/screens/crewStationScreen.cpp" />
		<Unit filename="src/screens/crewStationScreen.h" />
		<Unit filename="src/screens/gameMasterScreen.cpp" />
		<Unit filename="src/screens/gameMasterScreen.h" />
		<Unit filename="src/screens/mainScreen.cpp" />
		<Unit filename="src/screens/mainScreen.h" />
		<Unit filename="src/screens/topDownScreen.cpp" />
		<Unit filename="src/screens/topDownScreen.h" />
		<Unit filename="src/screens/windowScreen.cpp" />
		<Unit filename="src/screens/windowScreen.h" />
		<Unit filename="src/script.cpp" />
		<Unit filename="src/script.h" />
		<Unit filename="src/shipTemplate.cpp" />
		<Unit filename="src/shipTemplate.h" />
		<Unit filename="src/spaceObjects/EMPMissile.cpp" />
		<Unit filename="src/spaceObjects/EMPMissile.h" />
		<Unit filename="src/spaceObjects/artifact.cpp" />
		<Unit filename="src/spaceObjects/artifact.h" />
		<Unit filename="src/spaceObjects/asteroid.cpp" />
		<Unit filename="src/spaceObjects/asteroid.h" />
		<Unit filename="src/spaceObjects/beamEffect.cpp" />
		<Unit filename="src/spaceObjects/beamEffect.h" />
		<Unit filename="src/spaceObjects/blackHole.cpp" />
		<Unit filename="src/spaceObjects/blackHole.h" />
		<Unit filename="src/spaceObjects/cpuShip.cpp" />
		<Unit filename="src/spaceObjects/cpuShip.h" />
		<Unit filename="src/spaceObjects/electricExplosionEffect.cpp" />
		<Unit filename="src/spaceObjects/electricExplosionEffect.h" />
		<Unit filename="src/spaceObjects/explosionEffect.cpp" />
		<Unit filename="src/spaceObjects/explosionEffect.h" />
		<Unit filename="src/spaceObjects/homingMissile.cpp" />
		<Unit filename="src/spaceObjects/homingMissile.h" />
		<Unit filename="src/spaceObjects/mine.cpp" />
		<Unit filename="src/spaceObjects/mine.h" />
		<Unit filename="src/spaceObjects/missileWeapon.cpp" />
		<Unit filename="src/spaceObjects/missileWeapon.h" />
		<Unit filename="src/spaceObjects/nebula.cpp" />
		<Unit filename="src/spaceObjects/nebula.h" />
		<Unit filename="src/spaceObjects/nuke.cpp" />
		<Unit filename="src/spaceObjects/nuke.h" />
		<Unit filename="src/spaceObjects/playerSpaceship.cpp" />
		<Unit filename="src/spaceObjects/playerSpaceship.h" />
		<Unit filename="src/spaceObjects/scanProbe.cpp" />
		<Unit filename="src/spaceObjects/scanProbe.h" />
		<Unit filename="src/spaceObjects/spaceObject.cpp" />
		<Unit filename="src/spaceObjects/spaceObject.h" />
		<Unit filename="src/spaceObjects/spaceStation.cpp" />
		<Unit filename="src/spaceObjects/spaceStation.h" />
		<Unit filename="src/spaceObjects/spaceship.cpp" />
		<Unit filename="src/spaceObjects/spaceship.h" />
		<Unit filename="src/spaceObjects/supplyDrop.cpp" />
		<Unit filename="src/spaceObjects/supplyDrop.h" />
		<Unit filename="src/spaceObjects/warpJammer.cpp" />
		<Unit filename="src/spaceObjects/warpJammer.h" />
		<Unit filename="src/spaceObjects/wormHole.cpp" />
		<Unit filename="src/spaceObjects/wormHole.h" />
		<Unit filename="src/threatLevelEstimate.cpp" />
		<Unit filename="src/threatLevelEstimate.h" />
		<Extensions>
			<code_completion />
			<envvars />
			<debugger />
			<lib_finder disable_auto="1" />
		</Extensions>
	</Project>
</CodeBlocks_project_file>
